// !$*UTF8*$!
{
	archiveVersion = 1;
	classes = {
	};
	objectVersion = 55;
	objects = {

/* Begin PBXBuildFile section */
		A5D4B5362783561700277293 /* coding_interviewApp.swift in Sources */ = {isa = PBXBuildFile; fileRef = A5D4B5352783561700277293 /* coding_interviewApp.swift */; };
		A5D4B5382783561700277293 /* ContentView.swift in Sources */ = {isa = PBXBuildFile; fileRef = A5D4B5372783561700277293 /* ContentView.swift */; };
		A5D4B53A2783561900277293 /* Assets.xcassets in Resources */ = {isa = PBXBuildFile; fileRef = A5D4B5392783561900277293 /* Assets.xcassets */; };
		A5D4B53D2783561900277293 /* Preview Assets.xcassets in Resources */ = {isa = PBXBuildFile; fileRef = A5D4B53C2783561900277293 /* Preview Assets.xcassets */; };
		A5D4B551278356FF00277293 /* FizzBuzzTest.swift in Sources */ = {isa = PBXBuildFile; fileRef = A5D4B550278356FF00277293 /* FizzBuzzTest.swift */; };
		A5D4B5532783577000277293 /* PalindromeTest.swift in Sources */ = {isa = PBXBuildFile; fileRef = A5D4B5522783577000277293 /* PalindromeTest.swift */; };
/* End PBXBuildFile section */

/* Begin PBXContainerItemProxy section */
		A5D4B54B2783563400277293 /* PBXContainerItemProxy */ = {
			isa = PBXContainerItemProxy;
			containerPortal = A5D4B52A2783561700277293 /* Project object */;
			proxyType = 1;
			remoteGlobalIDString = A5D4B5312783561700277293;
			remoteInfo = "coding-interview";
		};
/* End PBXContainerItemProxy section */

/* Begin PBXFileReference section */
		A5D4B5322783561700277293 /* coding-interview.app */ = {isa = PBXFileReference; explicitFileType = wrapper.application; includeInIndex = 0; path = "coding-interview.app"; sourceTree = BUILT_PRODUCTS_DIR; };
		A5D4B5352783561700277293 /* coding_interviewApp.swift */ = {isa = PBXFileReference; lastKnownFileType = sourcecode.swift; path = coding_interviewApp.swift; sourceTree = "<group>"; };
		A5D4B5372783561700277293 /* ContentView.swift */ = {isa = PBXFileReference; lastKnownFileType = sourcecode.swift; path = ContentView.swift; sourceTree = "<group>"; };
		A5D4B5392783561900277293 /* Assets.xcassets */ = {isa = PBXFileReference; lastKnownFileType = folder.assetcatalog; path = Assets.xcassets; sourceTree = "<group>"; };
		A5D4B53C2783561900277293 /* Preview Assets.xcassets */ = {isa = PBXFileReference; lastKnownFileType = folder.assetcatalog; path = "Preview Assets.xcassets"; sourceTree = "<group>"; };
		A5D4B5472783563400277293 /* coding-interviewTests.xctest */ = {isa = PBXFileReference; explicitFileType = wrapper.cfbundle; includeInIndex = 0; path = "coding-interviewTests.xctest"; sourceTree = BUILT_PRODUCTS_DIR; };
		A5D4B550278356FF00277293 /* FizzBuzzTest.swift */ = {isa = PBXFileReference; lastKnownFileType = sourcecode.swift; path = FizzBuzzTest.swift; sourceTree = "<group>"; };
		A5D4B5522783577000277293 /* PalindromeTest.swift */ = {isa = PBXFileReference; lastKnownFileType = sourcecode.swift; path = PalindromeTest.swift; sourceTree = "<group>"; };
/* End PBXFileReference section */

/* Begin PBXFrameworksBuildPhase section */
		A5D4B52F2783561700277293 /* Frameworks */ = {
			isa = PBXFrameworksBuildPhase;
			buildActionMask = 2147483647;
			files = (
			);
			runOnlyForDeploymentPostprocessing = 0;
		};
		A5D4B5442783563400277293 /* Frameworks */ = {
			isa = PBXFrameworksBuildPhase;
			buildActionMask = 2147483647;
			files = (
			);
			runOnlyForDeploymentPostprocessing = 0;
		};
/* End PBXFrameworksBuildPhase section */

/* Begin PBXGroup section */
		A5D4B5292783561700277293 = {
			isa = PBXGroup;
			children = (
				A5D4B5342783561700277293 /* coding-interview */,
				A5D4B5482783563400277293 /* coding-interviewTests */,
				A5D4B5332783561700277293 /* Products */,
			);
			sourceTree = "<group>";
		};
		A5D4B5332783561700277293 /* Products */ = {
			isa = PBXGroup;
			children = (
				A5D4B5322783561700277293 /* coding-interview.app */,
				A5D4B5472783563400277293 /* coding-interviewTests.xctest */,
			);
			name = Products;
			sourceTree = "<group>";
		};
		A5D4B5342783561700277293 /* coding-interview */ = {
			isa = PBXGroup;
			children = (
				A5D4B5352783561700277293 /* coding_interviewApp.swift */,
				A5D4B5372783561700277293 /* ContentView.swift */,
				A5D4B5392783561900277293 /* Assets.xcassets */,
				A5D4B53B2783561900277293 /* Preview Content */,
			);
			path = "coding-interview";
			sourceTree = "<group>";
		};
		A5D4B53B2783561900277293 /* Preview Content */ = {
			isa = PBXGroup;
			children = (
				A5D4B53C2783561900277293 /* Preview Assets.xcassets */,
			);
			path = "Preview Content";
			sourceTree = "<group>";
		};
		A5D4B5482783563400277293 /* coding-interviewTests */ = {
			isa = PBXGroup;
			children = (
				A5D4B550278356FF00277293 /* FizzBuzzTest.swift */,
				A5D4B5522783577000277293 /* PalindromeTest.swift */,
			);
			path = "coding-interviewTests";
			sourceTree = "<group>";
		};
/* End PBXGroup section */

/* Begin PBXNativeTarget section */
		A5D4B5312783561700277293 /* coding-interview */ = {
			isa = PBXNativeTarget;
			buildConfigurationList = A5D4B5402783561900277293 /* Build configuration list for PBXNativeTarget "coding-interview" */;
			buildPhases = (
				A5D4B52E2783561700277293 /* Sources */,
				A5D4B52F2783561700277293 /* Frameworks */,
				A5D4B5302783561700277293 /* Resources */,
			);
			buildRules = (
			);
			dependencies = (
			);
			name = "coding-interview";
			productName = "coding-interview";
			productReference = A5D4B5322783561700277293 /* coding-interview.app */;
			productType = "com.apple.product-type.application";
		};
		A5D4B5462783563400277293 /* coding-interviewTests */ = {
			isa = PBXNativeTarget;
			buildConfigurationList = A5D4B54D2783563400277293 /* Build configuration list for PBXNativeTarget "coding-interviewTests" */;
			buildPhases = (
				A5D4B5432783563400277293 /* Sources */,
				A5D4B5442783563400277293 /* Frameworks */,
				A5D4B5452783563400277293 /* Resources */,
			);
			buildRules = (
			);
			dependencies = (
				A5D4B54C2783563400277293 /* PBXTargetDependency */,
			);
			name = "coding-interviewTests";
			productName = "coding-interviewTests";
			productReference = A5D4B5472783563400277293 /* coding-interviewTests.xctest */;
			productType = "com.apple.product-type.bundle.unit-test";
		};
/* End PBXNativeTarget section */

/* Begin PBXProject section */
		A5D4B52A2783561700277293 /* Project object */ = {
			isa = PBXProject;
			attributes = {
				BuildIndependentTargetsInParallel = 1;
				LastSwiftUpdateCheck = 1320;
				LastUpgradeCheck = 1320;
				TargetAttributes = {
					A5D4B5312783561700277293 = {
						CreatedOnToolsVersion = 13.2.1;
					};
					A5D4B5462783563400277293 = {
						CreatedOnToolsVersion = 13.2.1;
						LastSwiftMigration = 1320;
						TestTargetID = A5D4B5312783561700277293;
					};
				};
			};
			buildConfigurationList = A5D4B52D2783561700277293 /* Build configuration list for PBXProject "coding-interview" */;
			compatibilityVersion = "Xcode 13.0";
			developmentRegion = en;
			hasScannedForEncodings = 0;
			knownRegions = (
				en,
				Base,
			);
			mainGroup = A5D4B5292783561700277293;
			productRefGroup = A5D4B5332783561700277293 /* Products */;
			projectDirPath = "";
			projectRoot = "";
			targets = (
				A5D4B5312783561700277293 /* coding-interview */,
				A5D4B5462783563400277293 /* coding-interviewTests */,
			);
		};
/* End PBXProject section */

/* Begin PBXResourcesBuildPhase section */
		A5D4B5302783561700277293 /* Resources */ = {
			isa = PBXResourcesBuildPhase;
			buildActionMask = 2147483647;
			files = (
				A5D4B53D2783561900277293 /* Preview Assets.xcassets in Resources */,
				A5D4B53A2783561900277293 /* Assets.xcassets in Resources */,
			);
			runOnlyForDeploymentPostprocessing = 0;
		};
		A5D4B5452783563400277293 /* Resources */ = {
			isa = PBXResourcesBuildPhase;
			buildActionMask = 2147483647;
			files = (
			);
			runOnlyForDeploymentPostprocessing = 0;
		};
/* End PBXResourcesBuildPhase section */

/* Begin PBXSourcesBuildPhase section */
		A5D4B52E2783561700277293 /* Sources */ = {
			isa = PBXSourcesBuildPhase;
			buildActionMask = 2147483647;
			files = (
				A5D4B5382783561700277293 /* ContentView.swift in Sources */,
				A5D4B5362783561700277293 /* coding_interviewApp.swift in Sources */,
			);
			runOnlyForDeploymentPostprocessing = 0;
		};
		A5D4B5432783563400277293 /* Sources */ = {
			isa = PBXSourcesBuildPhase;
			buildActionMask = 2147483647;
			files = (
				A5D4B5532783577000277293 /* PalindromeTest.swift in Sources */,
				A5D4B551278356FF00277293 /* FizzBuzzTest.swift in Sources */,
			);
			runOnlyForDeploymentPostprocessing = 0;
		};
/* End PBXSourcesBuildPhase section */

/* Begin PBXTargetDependency section */
		A5D4B54C2783563400277293 /* PBXTargetDependency */ = {
			isa = PBXTargetDependency;
			target = A5D4B5312783561700277293 /* coding-interview */;
			targetProxy = A5D4B54B2783563400277293 /* PBXContainerItemProxy */;
		};
/* End PBXTargetDependency section */

/* Begin XCBuildConfiguration section */
		A5D4B53E2783561900277293 /* Debug */ = {
			isa = XCBuildConfiguration;
			buildSettings = {
				ALWAYS_SEARCH_USER_PATHS = NO;
				CLANG_ANALYZER_NONNULL = YES;
				CLANG_ANALYZER_NUMBER_OBJECT_CONVERSION = YES_AGGRESSIVE;
				CLANG_CXX_LANGUAGE_STANDARD = "gnu++17";
				CLANG_CXX_LIBRARY = "libc++";
				CLANG_ENABLE_MODULES = YES;
				CLANG_ENABLE_OBJC_ARC = YES;
				CLANG_ENABLE_OBJC_WEAK = YES;
				CLANG_WARN_BLOCK_CAPTURE_AUTORELEASING = YES;
				CLANG_WARN_BOOL_CONVERSION = YES;
				CLANG_WARN_COMMA = YES;
				CLANG_WARN_CONSTANT_CONVERSION = YES;
				CLANG_WARN_DEPRECATED_OBJC_IMPLEMENTATIONS = YES;
				CLANG_WARN_DIRECT_OBJC_ISA_USAGE = YES_ERROR;
				CLANG_WARN_DOCUMENTATION_COMMENTS = YES;
				CLANG_WARN_EMPTY_BODY = YES;
				CLANG_WARN_ENUM_CONVERSION = YES;
				CLANG_WARN_INFINITE_RECURSION = YES;
				CLANG_WARN_INT_CONVERSION = YES;
				CLANG_WARN_NON_LITERAL_NULL_CONVERSION = YES;
				CLANG_WARN_OBJC_IMPLICIT_RETAIN_SELF = YES;
				CLANG_WARN_OBJC_LITERAL_CONVERSION = YES;
				CLANG_WARN_OBJC_ROOT_CLASS = YES_ERROR;
				CLANG_WARN_QUOTED_INCLUDE_IN_FRAMEWORK_HEADER = YES;
				CLANG_WARN_RANGE_LOOP_ANALYSIS = YES;
				CLANG_WARN_STRICT_PROTOTYPES = YES;
				CLANG_WARN_SUSPICIOUS_MOVE = YES;
				CLANG_WARN_UNGUARDED_AVAILABILITY = YES_AGGRESSIVE;
				CLANG_WARN_UNREACHABLE_CODE = YES;
				CLANG_WARN__DUPLICATE_METHOD_MATCH = YES;
				COPY_PHASE_STRIP = NO;
				DEBUG_INFORMATION_FORMAT = dwarf;
				ENABLE_STRICT_OBJC_MSGSEND = YES;
				ENABLE_TESTABILITY = YES;
				GCC_C_LANGUAGE_STANDARD = gnu11;
				GCC_DYNAMIC_NO_PIC = NO;
				GCC_NO_COMMON_BLOCKS = YES;
				GCC_OPTIMIZATION_LEVEL = 0;
				GCC_PREPROCESSOR_DEFINITIONS = (
					"DEBUG=1",
					"$(inherited)",
				);
				GCC_WARN_64_TO_32_BIT_CONVERSION = YES;
				GCC_WARN_ABOUT_RETURN_TYPE = YES_ERROR;
				GCC_WARN_UNDECLARED_SELECTOR = YES;
				GCC_WARN_UNINITIALIZED_AUTOS = YES_AGGRESSIVE;
				GCC_WARN_UNUSED_FUNCTION = YES;
				GCC_WARN_UNUSED_VARIABLE = YES;
				IPHONEOS_DEPLOYMENT_TARGET = 15.2;
				MTL_ENABLE_DEBUG_INFO = INCLUDE_SOURCE;
				MTL_FAST_MATH = YES;
				ONLY_ACTIVE_ARCH = YES;
				SDKROOT = iphoneos;
				SWIFT_ACTIVE_COMPILATION_CONDITIONS = DEBUG;
				SWIFT_OPTIMIZATION_LEVEL = "-Onone";
			};
			name = Debug;
		};
		A5D4B53F2783561900277293 /* Release */ = {
			isa = XCBuildConfiguration;
			buildSettings = {
				ALWAYS_SEARCH_USER_PATHS = NO;
				CLANG_ANALYZER_NONNULL = YES;
				CLANG_ANALYZER_NUMBER_OBJECT_CONVERSION = YES_AGGRESSIVE;
				CLANG_CXX_LANGUAGE_STANDARD = "gnu++17";
				CLANG_CXX_LIBRARY = "libc++";
				CLANG_ENABLE_MODULES = YES;
				CLANG_ENABLE_OBJC_ARC = YES;
				CLANG_ENABLE_OBJC_WEAK = YES;
				CLANG_WARN_BLOCK_CAPTURE_AUTORELEASING = YES;
				CLANG_WARN_BOOL_CONVERSION = YES;
				CLANG_WARN_COMMA = YES;
				CLANG_WARN_CONSTANT_CONVERSION = YES;
				CLANG_WARN_DEPRECATED_OBJC_IMPLEMENTATIONS = YES;
				CLANG_WARN_DIRECT_OBJC_ISA_USAGE = YES_ERROR;
				CLANG_WARN_DOCUMENTATION_COMMENTS = YES;
				CLANG_WARN_EMPTY_BODY = YES;
				CLANG_WARN_ENUM_CONVERSION = YES;
				CLANG_WARN_INFINITE_RECURSION = YES;
				CLANG_WARN_INT_CONVERSION = YES;
				CLANG_WARN_NON_LITERAL_NULL_CONVERSION = YES;
				CLANG_WARN_OBJC_IMPLICIT_RETAIN_SELF = YES;
				CLANG_WARN_OBJC_LITERAL_CONVERSION = YES;
				CLANG_WARN_OBJC_ROOT_CLASS = YES_ERROR;
				CLANG_WARN_QUOTED_INCLUDE_IN_FRAMEWORK_HEADER = YES;
				CLANG_WARN_RANGE_LOOP_ANALYSIS = YES;
				CLANG_WARN_STRICT_PROTOTYPES = YES;
				CLANG_WARN_SUSPICIOUS_MOVE = YES;
				CLANG_WARN_UNGUARDED_AVAILABILITY = YES_AGGRESSIVE;
				CLANG_WARN_UNREACHABLE_CODE = YES;
				CLANG_WARN__DUPLICATE_METHOD_MATCH = YES;
				COPY_PHASE_STRIP = NO;
				DEBUG_INFORMATION_FORMAT = "dwarf-with-dsym";
				ENABLE_NS_ASSERTIONS = NO;
				ENABLE_STRICT_OBJC_MSGSEND = YES;
				GCC_C_LANGUAGE_STANDARD = gnu11;
				GCC_NO_COMMON_BLOCKS = YES;
				GCC_WARN_64_TO_32_BIT_CONVERSION = YES;
				GCC_WARN_ABOUT_RETURN_TYPE = YES_ERROR;
				GCC_WARN_UNDECLARED_SELECTOR = YES;
				GCC_WARN_UNINITIALIZED_AUTOS = YES_AGGRESSIVE;
				GCC_WARN_UNUSED_FUNCTION = YES;
				GCC_WARN_UNUSED_VARIABLE = YES;
				IPHONEOS_DEPLOYMENT_TARGET = 15.2;
				MTL_ENABLE_DEBUG_INFO = NO;
				MTL_FAST_MATH = YES;
				SDKROOT = iphoneos;
				SWIFT_COMPILATION_MODE = wholemodule;
				SWIFT_OPTIMIZATION_LEVEL = "-O";
				VALIDATE_PRODUCT = YES;
			};
			name = Release;
		};
		A5D4B5412783561900277293 /* Debug */ = {
			isa = XCBuildConfiguration;
			buildSettings = {
				ASSETCATALOG_COMPILER_APPICON_NAME = AppIcon;
				ASSETCATALOG_COMPILER_GLOBAL_ACCENT_COLOR_NAME = AccentColor;
				CODE_SIGN_STYLE = Automatic;
				CURRENT_PROJECT_VERSION = 1;
				DEVELOPMENT_ASSET_PATHS = "\"coding-interview/Preview Content\"";
				DEVELOPMENT_TEAM = YKQLRUN464;
				ENABLE_PREVIEWS = YES;
				GENERATE_INFOPLIST_FILE = YES;
				INFOPLIST_KEY_UIApplicationSceneManifest_Generation = YES;
				INFOPLIST_KEY_UIApplicationSupportsIndirectInputEvents = YES;
				INFOPLIST_KEY_UILaunchScreen_Generation = YES;
				INFOPLIST_KEY_UISupportedInterfaceOrientations_iPad = "UIInterfaceOrientationPortrait UIInterfaceOrientationPortraitUpsideDown UIInterfaceOrientationLandscapeLeft UIInterfaceOrientationLandscapeRight";
				INFOPLIST_KEY_UISupportedInterfaceOrientations_iPhone = "UIInterfaceOrientationPortrait UIInterfaceOrientationLandscapeLeft UIInterfaceOrientationLandscapeRight";
				LD_RUNPATH_SEARCH_PATHS = (
					"$(inherited)",
					"@executable_path/Frameworks",
				);
				MARKETING_VERSION = 1.0;
				PRODUCT_BUNDLE_IDENTIFIER = "com.aldinonid.coding-interview";
				PRODUCT_NAME = "$(TARGET_NAME)";
				SWIFT_EMIT_LOC_STRINGS = YES;
				SWIFT_VERSION = 5.0;
				TARGETED_DEVICE_FAMILY = "1,2";
			};
			name = Debug;
		};
		A5D4B5422783561900277293 /* Release */ = {
			isa = XCBuildConfiguration;
			buildSettings = {
				ASSETCATALOG_COMPILER_APPICON_NAME = AppIcon;
				ASSETCATALOG_COMPILER_GLOBAL_ACCENT_COLOR_NAME = AccentColor;
				CODE_SIGN_STYLE = Automatic;
				CURRENT_PROJECT_VERSION = 1;
				DEVELOPMENT_ASSET_PATHS = "\"coding-interview/Preview Content\"";
				DEVELOPMENT_TEAM = YKQLRUN464;
				ENABLE_PREVIEWS = YES;
				GENERATE_INFOPLIST_FILE = YES;
				INFOPLIST_KEY_UIApplicationSceneManifest_Generation = YES;
				INFOPLIST_KEY_UIApplicationSupportsIndirectInputEvents = YES;
				INFOPLIST_KEY_UILaunchScreen_Generation = YES;
				INFOPLIST_KEY_UISupportedInterfaceOrientations_iPad = "UIInterfaceOrientationPortrait UIInterfaceOrientationPortraitUpsideDown UIInterfaceOrientationLandscapeLeft UIInterfaceOrientationLandscapeRight";
				INFOPLIST_KEY_UISupportedInterfaceOrientations_iPhone = "UIInterfaceOrientationPortrait UIInterfaceOrientationLandscapeLeft UIInterfaceOrientationLandscapeRight";
				LD_RUNPATH_SEARCH_PATHS = (
					"$(inherited)",
					"@executable_path/Frameworks",
				);
				MARKETING_VERSION = 1.0;
				PRODUCT_BUNDLE_IDENTIFIER = "com.aldinonid.coding-interview";
				PRODUCT_NAME = "$(TARGET_NAME)";
				SWIFT_EMIT_LOC_STRINGS = YES;
				SWIFT_VERSION = 5.0;
				TARGETED_DEVICE_FAMILY = "1,2";
			};
			name = Release;
		};
		A5D4B54E2783563400277293 /* Debug */ = {
			isa = XCBuildConfiguration;
			buildSettings = {
				BUNDLE_LOADER = "$(TEST_HOST)";
				CLANG_ENABLE_MODULES = YES;
				CODE_SIGN_STYLE = Automatic;
				CURRENT_PROJECT_VERSION = 1;
				DEVELOPMENT_TEAM = YKQLRUN464;
				GENERATE_INFOPLIST_FILE = YES;
				LD_RUNPATH_SEARCH_PATHS = (
					"$(inherited)",
					"@executable_path/Frameworks",
					"@loader_path/Frameworks",
				);
				MARKETING_VERSION = 1.0;
				PRODUCT_BUNDLE_IDENTIFIER = "com.aldinonid.coding-interviewTests";
				PRODUCT_NAME = "$(TARGET_NAME)";
				SWIFT_EMIT_LOC_STRINGS = NO;
				SWIFT_OPTIMIZATION_LEVEL = "-Onone";
				SWIFT_VERSION = 5.0;
				TARGETED_DEVICE_FAMILY = "1,2";
				TEST_HOST = "$(BUILT_PRODUCTS_DIR)/coding-interview.app/coding-interview";
			};
			name = Debug;
		};
		A5D4B54F2783563400277293 /* Release */ = {
			isa = XCBuildConfiguration;
			buildSettings = {
				BUNDLE_LOADER = "$(TEST_HOST)";
				CLANG_ENABLE_MODULES = YES;
				CODE_SIGN_STYLE = Automatic;
				CURRENT_PROJECT_VERSION = 1;
				DEVELOPMENT_TEAM = YKQLRUN464;
				GENERATE_INFOPLIST_FILE = YES;
				LD_RUNPATH_SEARCH_PATHS = (
					"$(inherited)",
					"@executable_path/Frameworks",
					"@loader_path/Frameworks",
				);
				MARKETING_VERSION = 1.0;
				PRODUCT_BUNDLE_IDENTIFIER = "com.aldinonid.coding-interviewTests";
				PRODUCT_NAME = "$(TARGET_NAME)";
				SWIFT_EMIT_LOC_STRINGS = NO;
				SWIFT_VERSION = 5.0;
				TARGETED_DEVICE_FAMILY = "1,2";
				TEST_HOST = "$(BUILT_PRODUCTS_DIR)/coding-interview.app/coding-interview";
			};
			name = Release;
		};
/* End XCBuildConfiguration section */

/* Begin XCConfigurationList section */
		A5D4B52D2783561700277293 /* Build configuration list for PBXProject "coding-interview" */ = {
			isa = XCConfigurationList;
			buildConfigurations = (
				A5D4B53E2783561900277293 /* Debug */,
				A5D4B53F2783561900277293 /* Release */,
			);
			defaultConfigurationIsVisible = 0;
			defaultConfigurationName = Release;
		};
		A5D4B5402783561900277293 /* Build configuration list for PBXNativeTarget "coding-interview" */ = {
			isa = XCConfigurationList;
			buildConfigurations = (
				A5D4B5412783561900277293 /* Debug */,
				A5D4B5422783561900277293 /* Release */,
			);
			defaultConfigurationIsVisible = 0;
			defaultConfigurationName = Release;
		};
		A5D4B54D2783563400277293 /* Build configuration list for PBXNativeTarget "coding-interviewTests" */ = {
			isa = XCConfigurationList;
			buildConfigurations = (
				A5D4B54E2783563400277293 /* Debug */,
				A5D4B54F2783563400277293 /* Release */,
			);
			defaultConfigurationIsVisible = 0;
			defaultConfigurationName = Release;
		};
/* End XCConfigurationList section */
	};
	rootObject = A5D4B52A2783561700277293 /* Project object */;
}
